
Microsoft Visual Studio Solution File, Format Version 12.00
# Visual Studio Version 17
VisualStudioVersion = 17.2.32526.322
MinimumVisualStudioVersion = 10.0.40219.1
Project("{2150E333-8FDC-42A3-9474-1A3956D46DE8}") = "Common", "Common", "{883A547B-0E7B-4CDB-B6BF-9AE1F70B7861}"
EndProject
Project("{2150E333-8FDC-42A3-9474-1A3956D46DE8}") = "Services", "Services", "{B8389141-A039-48A0-AC4C-42BB022ED5D6}"
EndProject
Project("{9A19103F-16F7-4668-BE54-9A1E7A4F7556}") = "Common", "Common\Common\Common.csproj", "{CA0C9BC7-0319-48FD-BD8C-FDB1E6EB6BA2}"
EndProject
Project("{9A19103F-16F7-4668-BE54-9A1E7A4F7556}") = "Common.Data", "Common\Common.Data\Common.Data.csproj", "{7EE31D3F-5414-41BC-AD01-C4EA535CFD2B}"
EndProject
Project("{9A19103F-16F7-4668-BE54-9A1E7A4F7556}") = "Common.Http", "Common\Common.Http\Common.Http.csproj", "{12FB8E1D-D14E-454E-A0EA-5CAD1E9DEB16}"
EndProject
Project("{9A19103F-16F7-4668-BE54-9A1E7A4F7556}") = "Common.Operations", "Common\Common.Operations\Common.Operations.csproj", "{EF123514-3470-48B6-AF5F-938C6C35D54D}"
EndProject
Project("{2150E333-8FDC-42A3-9474-1A3956D46DE8}") = "Catalogos", "Catalogos", "{57F7CBFA-5EB3-484E-83EB-B54CDD7C6C82}"
EndProject
Project("{9A19103F-16F7-4668-BE54-9A1E7A4F7556}") = "Catalogos.Domain", "Catalogo\Catalogo.Domain\Catalogos.Domain.csproj", "{E9ABDA49-1750-4328-95C8-E6A9186C0C64}"
EndProject
Project("{9A19103F-16F7-4668-BE54-9A1E7A4F7556}") = "Common.Reporting", "Common\Common.Reporting\Common.Reporting.csproj", "{8475B157-A59E-435C-BA8C-B928A64D541C}"
EndProject
Project("{9A19103F-16F7-4668-BE54-9A1E7A4F7556}") = "Catalogos.BusinessLogic", "Catalogo\Catalogo.BusinessLogic\Catalogos.BusinessLogic.csproj", "{EAF04A4A-48DD-40EC-8A98-A7E85D8BF007}"
EndProject
Project("{9A19103F-16F7-4668-BE54-9A1E7A4F7556}") = "Common.Domain", "Common\Common.Domain\Common.Domain.csproj", "{BD569749-A480-45A3-81F7-459F84158E3D}"
EndProject
Project("{9A19103F-16F7-4668-BE54-9A1E7A4F7556}") = "Catalogos.API", "Catalogo\Catalogo.API\Catalogos.API.csproj", "{3D142540-1C34-4B75-AD4D-125DACB0CD8C}"
EndProject
Project("{2150E333-8FDC-42A3-9474-1A3956D46DE8}") = "Solution Items", "Solution Items", "{41398807-E451-43CC-B459-0BF64A68D189}"
	ProjectSection(SolutionItems) = preProject
		.dockerignore = .dockerignore
		.gitattributes = .gitattributes
		.gitignore = .gitignore
		sonar-build.cmd = sonar-build.cmd
	EndProjectSection
EndProject
Project("{2150E333-8FDC-42A3-9474-1A3956D46DE8}") = "Entidad", "Entidad", "{A4907E69-6A35-4A42-A739-02E18760F027}"
EndProject
Project("{9A19103F-16F7-4668-BE54-9A1E7A4F7556}") = "Common.Storage", "Common.Storage\Common.Storage.csproj", "{555BD452-C5EA-4C4A-94AA-9D943AF6D723}"
EndProject
Project("{2150E333-8FDC-42A3-9474-1A3956D46DE8}") = "Data Access", "Data Access", "{E3BABC22-E885-40FB-A8EA-B10136F6CB3C}"
EndProject
Project("{9A19103F-16F7-4668-BE54-9A1E7A4F7556}") = "DataAccess", "DataAccess\DataAccess.csproj", "{90251BB3-7A16-4913-B3CC-1DE269989992}"
EndProject
Project("{9A19103F-16F7-4668-BE54-9A1E7A4F7556}") = "Entidad.API", "Entidad.API\Entidad.API.csproj", "{A61F8FBD-028B-4F23-B26A-0E2361A0C003}"
EndProject
Project("{9A19103F-16F7-4668-BE54-9A1E7A4F7556}") = "Entidad.BusinessLogic", "Entidad.BusinessLogic\Entidad.BusinessLogic.csproj", "{06399B04-588F-4CB1-84B6-21E45E552D9D}"
EndProject
Project("{9A19103F-16F7-4668-BE54-9A1E7A4F7556}") = "Entidad.Domain", "Entidad.Domain\Entidad.Domain.csproj", "{B6E79751-C13E-4276-A648-352EC6572213}"
EndProject
Project("{2150E333-8FDC-42A3-9474-1A3956D46DE8}") = "Inventario", "Inventario", "{E980E6C7-7B03-4762-89C5-D5C2D7FD2BF1}"
EndProject
Project("{9A19103F-16F7-4668-BE54-9A1E7A4F7556}") = "Inventario.API", "Producto.API\Inventario.API.csproj", "{035BAD7A-AD06-41C5-AB17-B4C5FC68D3B5}"
EndProject
Project("{9A19103F-16F7-4668-BE54-9A1E7A4F7556}") = "Inventario.BusinessLogic", "Producto.BusinessLogic\Inventario.BusinessLogic.csproj", "{817CB9A0-A342-4371-B663-4418969FB154}"
EndProject
Project("{9A19103F-16F7-4668-BE54-9A1E7A4F7556}") = "Inventario.Domain", "Producto.Domain\Inventario.Domain.csproj", "{D300AD14-C19E-47D9-BB2A-FD34AD65D720}"
EndProject
Project("{2150E333-8FDC-42A3-9474-1A3956D46DE8}") = "CuentaPorCobrar", "CuentaPorCobrar", "{C6E30AB6-0BC9-4123-9ABA-AF238953113F}"
EndProject
Project("{FAE04EC0-301F-11D3-BF4B-00C04F79EFBC}") = "Cobro.BusinessLogic", "Cobro.BusinessLogic\Cobro.BusinessLogic.csproj", "{18EA84B0-7A33-4797-BFAA-538A2B5AE513}"
EndProject
Project("{FAE04EC0-301F-11D3-BF4B-00C04F79EFBC}") = "Cobro.Domain", "Cobro.Domain\Cobro.Domain.csproj", "{CA1D6E36-B3C1-4E5B-BDF2-985FB62B0350}"
EndProject
Project("{FAE04EC0-301F-11D3-BF4B-00C04F79EFBC}") = "Cobro.API", "Cobro.API\Cobro.API.csproj", "{AD479EDE-3248-4420-871C-CDB3513B466D}"
EndProject
Project("{2150E333-8FDC-42A3-9474-1A3956D46DE8}") = "CuentaPorPagar", "CuentaPorPagar", "{CBED9C1C-E50E-47AD-860E-D6237D082CF6}"
EndProject
Project("{FAE04EC0-301F-11D3-BF4B-00C04F79EFBC}") = "Pago.API", "Pago.API\Pago.API.csproj", "{F9617B81-9150-41C4-9051-5822250CA205}"
EndProject
Project("{FAE04EC0-301F-11D3-BF4B-00C04F79EFBC}") = "Pago.BusinessLogic", "Pago.BusinessLogic\Pago.BusinessLogic.csproj", "{8D880AC2-E3A0-4B4A-8569-BCB20E9B24C4}"
EndProject
Project("{FAE04EC0-301F-11D3-BF4B-00C04F79EFBC}") = "Pago.Domain", "Pago.Domain\Pago.Domain.csproj", "{2C867B15-E8D8-42A8-99F3-7D7374B34C6D}"
EndProject
Global
	GlobalSection(SolutionConfigurationPlatforms) = preSolution
		Debug|Any CPU = Debug|Any CPU
		Release|Any CPU = Release|Any CPU
	EndGlobalSection
	GlobalSection(ProjectConfigurationPlatforms) = postSolution
		{CA0C9BC7-0319-48FD-BD8C-FDB1E6EB6BA2}.Debug|Any CPU.ActiveCfg = Debug|Any CPU
		{CA0C9BC7-0319-48FD-BD8C-FDB1E6EB6BA2}.Debug|Any CPU.Build.0 = Debug|Any CPU
		{CA0C9BC7-0319-48FD-BD8C-FDB1E6EB6BA2}.Release|Any CPU.ActiveCfg = Release|Any CPU
		{CA0C9BC7-0319-48FD-BD8C-FDB1E6EB6BA2}.Release|Any CPU.Build.0 = Release|Any CPU
		{7EE31D3F-5414-41BC-AD01-C4EA535CFD2B}.Debug|Any CPU.ActiveCfg = Debug|Any CPU
		{7EE31D3F-5414-41BC-AD01-C4EA535CFD2B}.Debug|Any CPU.Build.0 = Debug|Any CPU
		{7EE31D3F-5414-41BC-AD01-C4EA535CFD2B}.Release|Any CPU.ActiveCfg = Release|Any CPU
		{7EE31D3F-5414-41BC-AD01-C4EA535CFD2B}.Release|Any CPU.Build.0 = Release|Any CPU
		{12FB8E1D-D14E-454E-A0EA-5CAD1E9DEB16}.Debug|Any CPU.ActiveCfg = Debug|Any CPU
		{12FB8E1D-D14E-454E-A0EA-5CAD1E9DEB16}.Debug|Any CPU.Build.0 = Debug|Any CPU
		{12FB8E1D-D14E-454E-A0EA-5CAD1E9DEB16}.Release|Any CPU.ActiveCfg = Release|Any CPU
		{12FB8E1D-D14E-454E-A0EA-5CAD1E9DEB16}.Release|Any CPU.Build.0 = Release|Any CPU
		{EF123514-3470-48B6-AF5F-938C6C35D54D}.Debug|Any CPU.ActiveCfg = Debug|Any CPU
		{EF123514-3470-48B6-AF5F-938C6C35D54D}.Debug|Any CPU.Build.0 = Debug|Any CPU
		{EF123514-3470-48B6-AF5F-938C6C35D54D}.Release|Any CPU.ActiveCfg = Release|Any CPU
		{EF123514-3470-48B6-AF5F-938C6C35D54D}.Release|Any CPU.Build.0 = Release|Any CPU
		{E9ABDA49-1750-4328-95C8-E6A9186C0C64}.Debug|Any CPU.ActiveCfg = Debug|Any CPU
		{E9ABDA49-1750-4328-95C8-E6A9186C0C64}.Debug|Any CPU.Build.0 = Debug|Any CPU
		{E9ABDA49-1750-4328-95C8-E6A9186C0C64}.Release|Any CPU.ActiveCfg = Release|Any CPU
		{E9ABDA49-1750-4328-95C8-E6A9186C0C64}.Release|Any CPU.Build.0 = Release|Any CPU
		{8475B157-A59E-435C-BA8C-B928A64D541C}.Debug|Any CPU.ActiveCfg = Debug|Any CPU
		{8475B157-A59E-435C-BA8C-B928A64D541C}.Debug|Any CPU.Build.0 = Debug|Any CPU
		{8475B157-A59E-435C-BA8C-B928A64D541C}.Release|Any CPU.ActiveCfg = Release|Any CPU
		{8475B157-A59E-435C-BA8C-B928A64D541C}.Release|Any CPU.Build.0 = Release|Any CPU
		{EAF04A4A-48DD-40EC-8A98-A7E85D8BF007}.Debug|Any CPU.ActiveCfg = Debug|Any CPU
		{EAF04A4A-48DD-40EC-8A98-A7E85D8BF007}.Debug|Any CPU.Build.0 = Debug|Any CPU
		{EAF04A4A-48DD-40EC-8A98-A7E85D8BF007}.Release|Any CPU.ActiveCfg = Release|Any CPU
		{EAF04A4A-48DD-40EC-8A98-A7E85D8BF007}.Release|Any CPU.Build.0 = Release|Any CPU
		{BD569749-A480-45A3-81F7-459F84158E3D}.Debug|Any CPU.ActiveCfg = Debug|Any CPU
		{BD569749-A480-45A3-81F7-459F84158E3D}.Debug|Any CPU.Build.0 = Debug|Any CPU
		{BD569749-A480-45A3-81F7-459F84158E3D}.Release|Any CPU.ActiveCfg = Release|Any CPU
		{BD569749-A480-45A3-81F7-459F84158E3D}.Release|Any CPU.Build.0 = Release|Any CPU
		{3D142540-1C34-4B75-AD4D-125DACB0CD8C}.Debug|Any CPU.ActiveCfg = Debug|Any CPU
		{3D142540-1C34-4B75-AD4D-125DACB0CD8C}.Debug|Any CPU.Build.0 = Debug|Any CPU
		{3D142540-1C34-4B75-AD4D-125DACB0CD8C}.Release|Any CPU.ActiveCfg = Release|Any CPU
		{3D142540-1C34-4B75-AD4D-125DACB0CD8C}.Release|Any CPU.Build.0 = Release|Any CPU
		{555BD452-C5EA-4C4A-94AA-9D943AF6D723}.Debug|Any CPU.ActiveCfg = Debug|Any CPU
		{555BD452-C5EA-4C4A-94AA-9D943AF6D723}.Debug|Any CPU.Build.0 = Debug|Any CPU
		{555BD452-C5EA-4C4A-94AA-9D943AF6D723}.Release|Any CPU.ActiveCfg = Release|Any CPU
		{555BD452-C5EA-4C4A-94AA-9D943AF6D723}.Release|Any CPU.Build.0 = Release|Any CPU
		{90251BB3-7A16-4913-B3CC-1DE269989992}.Debug|Any CPU.ActiveCfg = Debug|Any CPU
		{90251BB3-7A16-4913-B3CC-1DE269989992}.Debug|Any CPU.Build.0 = Debug|Any CPU
		{90251BB3-7A16-4913-B3CC-1DE269989992}.Release|Any CPU.ActiveCfg = Release|Any CPU
		{90251BB3-7A16-4913-B3CC-1DE269989992}.Release|Any CPU.Build.0 = Release|Any CPU
		{A61F8FBD-028B-4F23-B26A-0E2361A0C003}.Debug|Any CPU.ActiveCfg = Debug|Any CPU
		{A61F8FBD-028B-4F23-B26A-0E2361A0C003}.Debug|Any CPU.Build.0 = Debug|Any CPU
		{A61F8FBD-028B-4F23-B26A-0E2361A0C003}.Release|Any CPU.ActiveCfg = Release|Any CPU
		{A61F8FBD-028B-4F23-B26A-0E2361A0C003}.Release|Any CPU.Build.0 = Release|Any CPU
		{06399B04-588F-4CB1-84B6-21E45E552D9D}.Debug|Any CPU.ActiveCfg = Debug|Any CPU
		{06399B04-588F-4CB1-84B6-21E45E552D9D}.Debug|Any CPU.Build.0 = Debug|Any CPU
		{06399B04-588F-4CB1-84B6-21E45E552D9D}.Release|Any CPU.ActiveCfg = Release|Any CPU
		{06399B04-588F-4CB1-84B6-21E45E552D9D}.Release|Any CPU.Build.0 = Release|Any CPU
		{B6E79751-C13E-4276-A648-352EC6572213}.Debug|Any CPU.ActiveCfg = Debug|Any CPU
		{B6E79751-C13E-4276-A648-352EC6572213}.Debug|Any CPU.Build.0 = Debug|Any CPU
		{B6E79751-C13E-4276-A648-352EC6572213}.Release|Any CPU.ActiveCfg = Release|Any CPU
		{B6E79751-C13E-4276-A648-352EC6572213}.Release|Any CPU.Build.0 = Release|Any CPU
		{035BAD7A-AD06-41C5-AB17-B4C5FC68D3B5}.Debug|Any CPU.ActiveCfg = Debug|Any CPU
		{035BAD7A-AD06-41C5-AB17-B4C5FC68D3B5}.Debug|Any CPU.Build.0 = Debug|Any CPU
		{035BAD7A-AD06-41C5-AB17-B4C5FC68D3B5}.Release|Any CPU.ActiveCfg = Release|Any CPU
		{035BAD7A-AD06-41C5-AB17-B4C5FC68D3B5}.Release|Any CPU.Build.0 = Release|Any CPU
		{817CB9A0-A342-4371-B663-4418969FB154}.Debug|Any CPU.ActiveCfg = Debug|Any CPU
		{817CB9A0-A342-4371-B663-4418969FB154}.Debug|Any CPU.Build.0 = Debug|Any CPU
		{817CB9A0-A342-4371-B663-4418969FB154}.Release|Any CPU.ActiveCfg = Release|Any CPU
		{817CB9A0-A342-4371-B663-4418969FB154}.Release|Any CPU.Build.0 = Release|Any CPU
		{D300AD14-C19E-47D9-BB2A-FD34AD65D720}.Debug|Any CPU.ActiveCfg = Debug|Any CPU
		{D300AD14-C19E-47D9-BB2A-FD34AD65D720}.Debug|Any CPU.Build.0 = Debug|Any CPU
		{D300AD14-C19E-47D9-BB2A-FD34AD65D720}.Release|Any CPU.ActiveCfg = Release|Any CPU
		{D300AD14-C19E-47D9-BB2A-FD34AD65D720}.Release|Any CPU.Build.0 = Release|Any CPU
		{18EA84B0-7A33-4797-BFAA-538A2B5AE513}.Debug|Any CPU.ActiveCfg = Debug|Any CPU
		{18EA84B0-7A33-4797-BFAA-538A2B5AE513}.Debug|Any CPU.Build.0 = Debug|Any CPU
		{18EA84B0-7A33-4797-BFAA-538A2B5AE513}.Release|Any CPU.ActiveCfg = Release|Any CPU
		{18EA84B0-7A33-4797-BFAA-538A2B5AE513}.Release|Any CPU.Build.0 = Release|Any CPU
		{CA1D6E36-B3C1-4E5B-BDF2-985FB62B0350}.Debug|Any CPU.ActiveCfg = Debug|Any CPU
		{CA1D6E36-B3C1-4E5B-BDF2-985FB62B0350}.Debug|Any CPU.Build.0 = Debug|Any CPU
		{CA1D6E36-B3C1-4E5B-BDF2-985FB62B0350}.Release|Any CPU.ActiveCfg = Release|Any CPU
		{CA1D6E36-B3C1-4E5B-BDF2-985FB62B0350}.Release|Any CPU.Build.0 = Release|Any CPU
		{AD479EDE-3248-4420-871C-CDB3513B466D}.Debug|Any CPU.ActiveCfg = Debug|Any CPU
		{AD479EDE-3248-4420-871C-CDB3513B466D}.Debug|Any CPU.Build.0 = Debug|Any CPU
		{AD479EDE-3248-4420-871C-CDB3513B466D}.Release|Any CPU.ActiveCfg = Release|Any CPU
		{AD479EDE-3248-4420-871C-CDB3513B466D}.Release|Any CPU.Build.0 = Release|Any CPU
		{F9617B81-9150-41C4-9051-5822250CA205}.Debug|Any CPU.ActiveCfg = Debug|Any CPU
		{F9617B81-9150-41C4-9051-5822250CA205}.Debug|Any CPU.Build.0 = Debug|Any CPU
		{F9617B81-9150-41C4-9051-5822250CA205}.Release|Any CPU.ActiveCfg = Release|Any CPU
		{F9617B81-9150-41C4-9051-5822250CA205}.Release|Any CPU.Build.0 = Release|Any CPU
		{8D880AC2-E3A0-4B4A-8569-BCB20E9B24C4}.Debug|Any CPU.ActiveCfg = Debug|Any CPU
		{8D880AC2-E3A0-4B4A-8569-BCB20E9B24C4}.Debug|Any CPU.Build.0 = Debug|Any CPU
		{8D880AC2-E3A0-4B4A-8569-BCB20E9B24C4}.Release|Any CPU.ActiveCfg = Release|Any CPU
		{8D880AC2-E3A0-4B4A-8569-BCB20E9B24C4}.Release|Any CPU.Build.0 = Release|Any CPU
		{2C867B15-E8D8-42A8-99F3-7D7374B34C6D}.Debug|Any CPU.ActiveCfg = Debug|Any CPU
		{2C867B15-E8D8-42A8-99F3-7D7374B34C6D}.Debug|Any CPU.Build.0 = Debug|Any CPU
		{2C867B15-E8D8-42A8-99F3-7D7374B34C6D}.Release|Any CPU.ActiveCfg = Release|Any CPU
		{2C867B15-E8D8-42A8-99F3-7D7374B34C6D}.Release|Any CPU.Build.0 = Release|Any CPU
	EndGlobalSection
	GlobalSection(SolutionProperties) = preSolution
		HideSolutionNode = FALSE
	EndGlobalSection
	GlobalSection(NestedProjects) = preSolution
		{CA0C9BC7-0319-48FD-BD8C-FDB1E6EB6BA2} = {883A547B-0E7B-4CDB-B6BF-9AE1F70B7861}
		{7EE31D3F-5414-41BC-AD01-C4EA535CFD2B} = {883A547B-0E7B-4CDB-B6BF-9AE1F70B7861}
		{12FB8E1D-D14E-454E-A0EA-5CAD1E9DEB16} = {883A547B-0E7B-4CDB-B6BF-9AE1F70B7861}
		{EF123514-3470-48B6-AF5F-938C6C35D54D} = {883A547B-0E7B-4CDB-B6BF-9AE1F70B7861}
		{57F7CBFA-5EB3-484E-83EB-B54CDD7C6C82} = {B8389141-A039-48A0-AC4C-42BB022ED5D6}
		{E9ABDA49-1750-4328-95C8-E6A9186C0C64} = {57F7CBFA-5EB3-484E-83EB-B54CDD7C6C82}
		{8475B157-A59E-435C-BA8C-B928A64D541C} = {883A547B-0E7B-4CDB-B6BF-9AE1F70B7861}
		{EAF04A4A-48DD-40EC-8A98-A7E85D8BF007} = {57F7CBFA-5EB3-484E-83EB-B54CDD7C6C82}
		{BD569749-A480-45A3-81F7-459F84158E3D} = {883A547B-0E7B-4CDB-B6BF-9AE1F70B7861}
		{3D142540-1C34-4B75-AD4D-125DACB0CD8C} = {57F7CBFA-5EB3-484E-83EB-B54CDD7C6C82}
		{A4907E69-6A35-4A42-A739-02E18760F027} = {B8389141-A039-48A0-AC4C-42BB022ED5D6}
		{555BD452-C5EA-4C4A-94AA-9D943AF6D723} = {883A547B-0E7B-4CDB-B6BF-9AE1F70B7861}
		{90251BB3-7A16-4913-B3CC-1DE269989992} = {E3BABC22-E885-40FB-A8EA-B10136F6CB3C}
		{A61F8FBD-028B-4F23-B26A-0E2361A0C003} = {A4907E69-6A35-4A42-A739-02E18760F027}
		{06399B04-588F-4CB1-84B6-21E45E552D9D} = {A4907E69-6A35-4A42-A739-02E18760F027}
		{B6E79751-C13E-4276-A648-352EC6572213} = {A4907E69-6A35-4A42-A739-02E18760F027}
		{E980E6C7-7B03-4762-89C5-D5C2D7FD2BF1} = {B8389141-A039-48A0-AC4C-42BB022ED5D6}
		{035BAD7A-AD06-41C5-AB17-B4C5FC68D3B5} = {E980E6C7-7B03-4762-89C5-D5C2D7FD2BF1}
		{817CB9A0-A342-4371-B663-4418969FB154} = {E980E6C7-7B03-4762-89C5-D5C2D7FD2BF1}
		{D300AD14-C19E-47D9-BB2A-FD34AD65D720} = {E980E6C7-7B03-4762-89C5-D5C2D7FD2BF1}
		{C6E30AB6-0BC9-4123-9ABA-AF238953113F} = {B8389141-A039-48A0-AC4C-42BB022ED5D6}
		{18EA84B0-7A33-4797-BFAA-538A2B5AE513} = {C6E30AB6-0BC9-4123-9ABA-AF238953113F}
		{CA1D6E36-B3C1-4E5B-BDF2-985FB62B0350} = {C6E30AB6-0BC9-4123-9ABA-AF238953113F}
		{AD479EDE-3248-4420-871C-CDB3513B466D} = {C6E30AB6-0BC9-4123-9ABA-AF238953113F}
		{CBED9C1C-E50E-47AD-860E-D6237D082CF6} = {B8389141-A039-48A0-AC4C-42BB022ED5D6}
		{F9617B81-9150-41C4-9051-5822250CA205} = {CBED9C1C-E50E-47AD-860E-D6237D082CF6}
		{8D880AC2-E3A0-4B4A-8569-BCB20E9B24C4} = {CBED9C1C-E50E-47AD-860E-D6237D082CF6}
		{2C867B15-E8D8-42A8-99F3-7D7374B34C6D} = {CBED9C1C-E50E-47AD-860E-D6237D082CF6}
	EndGlobalSection
	GlobalSection(ExtensibilityGlobals) = postSolution
		SolutionGuid = {579B6CAD-4674-4652-95AD-0EABF5CB3746}
	EndGlobalSection
EndGlobal
